
Microsoft Visual Studio Solution File, Format Version 12.00
# Visual Studio Version 17
VisualStudioVersion = 17.0.31903.59
MinimumVisualStudioVersion = 10.0.40219.1
Project("{9A19103F-16F7-4668-BE54-9A1E7A4F7556}") = "Producer", "Producer\Producer.csproj", "{B4C60A53-12D3-4871-8BE5-308EBB7AD46A}"
EndProject
Project("{9A19103F-16F7-4668-BE54-9A1E7A4F7556}") = "Consumer", "Consumer\Consumer.csproj", "{4758E1D3-F0AA-49C0-B202-0560DD050A39}"
EndProject
Project("{FAE04EC0-301F-11D3-BF4B-00C04F79EFBC}") = "Basic.AppHost", "Basic.AppHost\Basic.AppHost.csproj", "{29B29DFC-B9D4-4383-ABA3-FAFE7127E104}"
EndProject
Project("{9A19103F-16F7-4668-BE54-9A1E7A4F7556}") = "Basic.ServiceDefaults", "Basic.ServiceDefaults\Basic.ServiceDefaults.csproj", "{1E226783-1C49-4634-968B-2306E4CADAFD}"
EndProject
Global
	GlobalSection(SolutionConfigurationPlatforms) = preSolution
		Debug|Any CPU = Debug|Any CPU
		Release|Any CPU = Release|Any CPU
	EndGlobalSection
	GlobalSection(ProjectConfigurationPlatforms) = postSolution
		{B4C60A53-12D3-4871-8BE5-308EBB7AD46A}.Debug|Any CPU.ActiveCfg = Debug|Any CPU
		{B4C60A53-12D3-4871-8BE5-308EBB7AD46A}.Debug|Any CPU.Build.0 = Debug|Any CPU
		{B4C60A53-12D3-4871-8BE5-308EBB7AD46A}.Release|Any CPU.ActiveCfg = Release|Any CPU
		{B4C60A53-12D3-4871-8BE5-308EBB7AD46A}.Release|Any CPU.Build.0 = Release|Any CPU
		{4758E1D3-F0AA-49C0-B202-0560DD050A39}.Debug|Any CPU.ActiveCfg = Debug|Any CPU
		{4758E1D3-F0AA-49C0-B202-0560DD050A39}.Debug|Any CPU.Build.0 = Debug|Any CPU
		{4758E1D3-F0AA-49C0-B202-0560DD050A39}.Release|Any CPU.ActiveCfg = Release|Any CPU
		{4758E1D3-F0AA-49C0-B202-0560DD050A39}.Release|Any CPU.Build.0 = Release|Any CPU
		{29B29DFC-B9D4-4383-ABA3-FAFE7127E104}.Debug|Any CPU.ActiveCfg = Debug|Any CPU
		{29B29DFC-B9D4-4383-ABA3-FAFE7127E104}.Debug|Any CPU.Build.0 = Debug|Any CPU
		{29B29DFC-B9D4-4383-ABA3-FAFE7127E104}.Release|Any CPU.ActiveCfg = Release|Any CPU
		{29B29DFC-B9D4-4383-ABA3-FAFE7127E104}.Release|Any CPU.Build.0 = Release|Any CPU
		{1E226783-1C49-4634-968B-2306E4CADAFD}.Debug|Any CPU.ActiveCfg = Debug|Any CPU
		{1E226783-1C49-4634-968B-2306E4CADAFD}.Debug|Any CPU.Build.0 = Debug|Any CPU
		{1E226783-1C49-4634-968B-2306E4CADAFD}.Release|Any CPU.ActiveCfg = Release|Any CPU
		{1E226783-1C49-4634-968B-2306E4CADAFD}.Release|Any CPU.Build.0 = Release|Any CPU
	EndGlobalSection
	GlobalSection(SolutionProperties) = preSolution
		HideSolutionNode = FALSE
	EndGlobalSection
EndGlobal
